// !$*UTF8*$!
{
	archiveVersion = 1;
	classes = {
	};
	objectVersion = 50;
	objects = {

/* Begin PBXBuildFile section */
		847B355C272A5FB800729F58 /* AppDelegate.swift in Sources */ = {isa = PBXBuildFile; fileRef = 847B355B272A5FB800729F58 /* AppDelegate.swift */; };
		847B355E272A5FB800729F58 /* SceneDelegate.swift in Sources */ = {isa = PBXBuildFile; fileRef = 847B355D272A5FB800729F58 /* SceneDelegate.swift */; };
		847B3563272A5FB800729F58 /* Main.storyboard in Resources */ = {isa = PBXBuildFile; fileRef = 847B3561272A5FB800729F58 /* Main.storyboard */; };
		847B3565272A5FB900729F58 /* Assets.xcassets in Resources */ = {isa = PBXBuildFile; fileRef = 847B3564272A5FB900729F58 /* Assets.xcassets */; };
		847B3568272A5FB900729F58 /* LaunchScreen.storyboard in Resources */ = {isa = PBXBuildFile; fileRef = 847B3566272A5FB900729F58 /* LaunchScreen.storyboard */; };
		847B3570272A617700729F58 /* AppCoordinator.swift in Sources */ = {isa = PBXBuildFile; fileRef = 847B356F272A617700729F58 /* AppCoordinator.swift */; };
		847B3572272A67B900729F58 /* EventListCoordinator.swift in Sources */ = {isa = PBXBuildFile; fileRef = 847B3571272A67B900729F58 /* EventListCoordinator.swift */; };
		847B3574272A688500729F58 /* EventListViewController.swift in Sources */ = {isa = PBXBuildFile; fileRef = 847B3573272A688500729F58 /* EventListViewController.swift */; };
		847B3576272A6D5500729F58 /* UIColor + Extensions.swift in Sources */ = {isa = PBXBuildFile; fileRef = 847B3575272A6D5500729F58 /* UIColor + Extensions.swift */; };
		847B357C272A7DD400729F58 /* Model.xcdatamodeld in Sources */ = {isa = PBXBuildFile; fileRef = 847B357A272A7DD400729F58 /* Model.xcdatamodeld */; };
		847B357E272A960300729F58 /* CoreDataManager.swift in Sources */ = {isa = PBXBuildFile; fileRef = 847B357D272A960300729F58 /* CoreDataManager.swift */; };
		847B3580272AA48900729F58 /* EventListViewModel.swift in Sources */ = {isa = PBXBuildFile; fileRef = 847B357F272AA48900729F58 /* EventListViewModel.swift */; };
		847B3582272AAA2200729F58 /* AddEventCoordinator.swift in Sources */ = {isa = PBXBuildFile; fileRef = 847B3581272AAA2200729F58 /* AddEventCoordinator.swift */; };
		847B3584272AAD3500729F58 /* AddEventViewController.swift in Sources */ = {isa = PBXBuildFile; fileRef = 847B3583272AAD3500729F58 /* AddEventViewController.swift */; };
		847B3586272AADBD00729F58 /* UIViewController + Extensions.swift in Sources */ = {isa = PBXBuildFile; fileRef = 847B3585272AADBD00729F58 /* UIViewController + Extensions.swift */; };
		847B3588272AB18800729F58 /* AddEventViewModel.swift in Sources */ = {isa = PBXBuildFile; fileRef = 847B3587272AB18800729F58 /* AddEventViewModel.swift */; };
		847B358B272C058400729F58 /* TitleSubtitleCellViewModel.swift in Sources */ = {isa = PBXBuildFile; fileRef = 847B358A272C058400729F58 /* TitleSubtitleCellViewModel.swift */; };
		847B358D272C073D00729F58 /* TitleSubtitleCell.swift in Sources */ = {isa = PBXBuildFile; fileRef = 847B358C272C073D00729F58 /* TitleSubtitleCell.swift */; };
		847B359827325EE200729F58 /* ImagePickerCoordinator.swift in Sources */ = {isa = PBXBuildFile; fileRef = 847B359727325EE200729F58 /* ImagePickerCoordinator.swift */; };
/* End PBXBuildFile section */

/* Begin PBXFileReference section */
		847B3558272A5FB800729F58 /* Event Countdown with MVVM Coordinators.app */ = {isa = PBXFileReference; explicitFileType = wrapper.application; includeInIndex = 0; path = "Event Countdown with MVVM Coordinators.app"; sourceTree = BUILT_PRODUCTS_DIR; };
		847B355B272A5FB800729F58 /* AppDelegate.swift */ = {isa = PBXFileReference; lastKnownFileType = sourcecode.swift; path = AppDelegate.swift; sourceTree = "<group>"; };
		847B355D272A5FB800729F58 /* SceneDelegate.swift */ = {isa = PBXFileReference; lastKnownFileType = sourcecode.swift; path = SceneDelegate.swift; sourceTree = "<group>"; };
		847B3562272A5FB800729F58 /* Base */ = {isa = PBXFileReference; lastKnownFileType = file.storyboard; name = Base; path = Base.lproj/Main.storyboard; sourceTree = "<group>"; };
		847B3564272A5FB900729F58 /* Assets.xcassets */ = {isa = PBXFileReference; lastKnownFileType = folder.assetcatalog; path = Assets.xcassets; sourceTree = "<group>"; };
		847B3567272A5FB900729F58 /* Base */ = {isa = PBXFileReference; lastKnownFileType = file.storyboard; name = Base; path = Base.lproj/LaunchScreen.storyboard; sourceTree = "<group>"; };
		847B3569272A5FB900729F58 /* Info.plist */ = {isa = PBXFileReference; lastKnownFileType = text.plist.xml; path = Info.plist; sourceTree = "<group>"; };
		847B356F272A617700729F58 /* AppCoordinator.swift */ = {isa = PBXFileReference; lastKnownFileType = sourcecode.swift; path = AppCoordinator.swift; sourceTree = "<group>"; };
		847B3571272A67B900729F58 /* EventListCoordinator.swift */ = {isa = PBXFileReference; lastKnownFileType = sourcecode.swift; path = EventListCoordinator.swift; sourceTree = "<group>"; };
		847B3573272A688500729F58 /* EventListViewController.swift */ = {isa = PBXFileReference; lastKnownFileType = sourcecode.swift; path = EventListViewController.swift; sourceTree = "<group>"; };
		847B3575272A6D5500729F58 /* UIColor + Extensions.swift */ = {isa = PBXFileReference; lastKnownFileType = sourcecode.swift; path = "UIColor + Extensions.swift"; sourceTree = "<group>"; };
		847B357B272A7DD400729F58 /* Model.xcdatamodel */ = {isa = PBXFileReference; lastKnownFileType = wrapper.xcdatamodel; path = Model.xcdatamodel; sourceTree = "<group>"; };
		847B357D272A960300729F58 /* CoreDataManager.swift */ = {isa = PBXFileReference; lastKnownFileType = sourcecode.swift; path = CoreDataManager.swift; sourceTree = "<group>"; };
		847B357F272AA48900729F58 /* EventListViewModel.swift */ = {isa = PBXFileReference; lastKnownFileType = sourcecode.swift; path = EventListViewModel.swift; sourceTree = "<group>"; };
		847B3581272AAA2200729F58 /* AddEventCoordinator.swift */ = {isa = PBXFileReference; lastKnownFileType = sourcecode.swift; path = AddEventCoordinator.swift; sourceTree = "<group>"; };
		847B3583272AAD3500729F58 /* AddEventViewController.swift */ = {isa = PBXFileReference; lastKnownFileType = sourcecode.swift; path = AddEventViewController.swift; sourceTree = "<group>"; };
		847B3585272AADBD00729F58 /* UIViewController + Extensions.swift */ = {isa = PBXFileReference; lastKnownFileType = sourcecode.swift; path = "UIViewController + Extensions.swift"; sourceTree = "<group>"; };
		847B3587272AB18800729F58 /* AddEventViewModel.swift */ = {isa = PBXFileReference; lastKnownFileType = sourcecode.swift; path = AddEventViewModel.swift; sourceTree = "<group>"; };
		847B358A272C058400729F58 /* TitleSubtitleCellViewModel.swift */ = {isa = PBXFileReference; lastKnownFileType = sourcecode.swift; path = TitleSubtitleCellViewModel.swift; sourceTree = "<group>"; };
		847B358C272C073D00729F58 /* TitleSubtitleCell.swift */ = {isa = PBXFileReference; lastKnownFileType = sourcecode.swift; path = TitleSubtitleCell.swift; sourceTree = "<group>"; };
		847B359727325EE200729F58 /* ImagePickerCoordinator.swift */ = {isa = PBXFileReference; lastKnownFileType = sourcecode.swift; path = ImagePickerCoordinator.swift; sourceTree = "<group>"; };
/* End PBXFileReference section */

/* Begin PBXFrameworksBuildPhase section */
		847B3555272A5FB800729F58 /* Frameworks */ = {
			isa = PBXFrameworksBuildPhase;
			buildActionMask = 2147483647;
			files = (
			);
			runOnlyForDeploymentPostprocessing = 0;
		};
/* End PBXFrameworksBuildPhase section */

/* Begin PBXGroup section */
		847B354F272A5FB800729F58 = {
			isa = PBXGroup;
			children = (
				847B355A272A5FB800729F58 /* Event Countdown with MVVM Coordinators */,
				847B3559272A5FB800729F58 /* Products */,
			);
			sourceTree = "<group>";
		};
		847B3559272A5FB800729F58 /* Products */ = {
			isa = PBXGroup;
			children = (
				847B3558272A5FB800729F58 /* Event Countdown with MVVM Coordinators.app */,
			);
			name = Products;
			sourceTree = "<group>";
		};
		847B355A272A5FB800729F58 /* Event Countdown with MVVM Coordinators */ = {
			isa = PBXGroup;
			children = (
				847B358E272C074B00729F58 /* Views */,
				847B3589272AB1B400729F58 /* ViewModel */,
				847B3578272A7D6200729F58 /* Controllers */,
				847B3577272A7D5300729F58 /* Coordinators */,
				847B3579272A7D8500729F58 /* Extensions */,
				847B3561272A5FB800729F58 /* Main.storyboard */,
				847B355D272A5FB800729F58 /* SceneDelegate.swift */,
				847B355B272A5FB800729F58 /* AppDelegate.swift */,
				847B3564272A5FB900729F58 /* Assets.xcassets */,
				847B3566272A5FB900729F58 /* LaunchScreen.storyboard */,
				847B3569272A5FB900729F58 /* Info.plist */,
				847B357A272A7DD400729F58 /* Model.xcdatamodeld */,
				847B357D272A960300729F58 /* CoreDataManager.swift */,
			);
			path = "Event Countdown with MVVM Coordinators";
			sourceTree = "<group>";
		};
		847B3577272A7D5300729F58 /* Coordinators */ = {
			isa = PBXGroup;
			children = (
				847B356F272A617700729F58 /* AppCoordinator.swift */,
				847B3571272A67B900729F58 /* EventListCoordinator.swift */,
				847B3581272AAA2200729F58 /* AddEventCoordinator.swift */,
				847B359727325EE200729F58 /* ImagePickerCoordinator.swift */,
			);
			path = Coordinators;
			sourceTree = "<group>";
		};
		847B3578272A7D6200729F58 /* Controllers */ = {
			isa = PBXGroup;
			children = (
				847B3573272A688500729F58 /* EventListViewController.swift */,
				847B3583272AAD3500729F58 /* AddEventViewController.swift */,
			);
			path = Controllers;
			sourceTree = "<group>";
		};
		847B3579272A7D8500729F58 /* Extensions */ = {
			isa = PBXGroup;
			children = (
				847B3585272AADBD00729F58 /* UIViewController + Extensions.swift */,
				847B3575272A6D5500729F58 /* UIColor + Extensions.swift */,
			);
			path = Extensions;
			sourceTree = "<group>";
		};
		847B3589272AB1B400729F58 /* ViewModel */ = {
			isa = PBXGroup;
			children = (
				847B357F272AA48900729F58 /* EventListViewModel.swift */,
				847B3587272AB18800729F58 /* AddEventViewModel.swift */,
				847B358A272C058400729F58 /* TitleSubtitleCellViewModel.swift */,
			);
			path = ViewModel;
			sourceTree = "<group>";
		};
		847B358E272C074B00729F58 /* Views */ = {
			isa = PBXGroup;
			children = (
				847B358C272C073D00729F58 /* TitleSubtitleCell.swift */,
			);
			path = Views;
			sourceTree = "<group>";
		};
/* End PBXGroup section */

/* Begin PBXNativeTarget section */
		847B3557272A5FB800729F58 /* Event Countdown with MVVM Coordinators */ = {
			isa = PBXNativeTarget;
			buildConfigurationList = 847B356C272A5FB900729F58 /* Build configuration list for PBXNativeTarget "Event Countdown with MVVM Coordinators" */;
			buildPhases = (
				847B3554272A5FB800729F58 /* Sources */,
				847B3555272A5FB800729F58 /* Frameworks */,
				847B3556272A5FB800729F58 /* Resources */,
			);
			buildRules = (
			);
			dependencies = (
			);
			name = "Event Countdown with MVVM Coordinators";
			productName = "Event Countdown with MVVM Coordinators";
			productReference = 847B3558272A5FB800729F58 /* Event Countdown with MVVM Coordinators.app */;
			productType = "com.apple.product-type.application";
		};
/* End PBXNativeTarget section */

/* Begin PBXProject section */
		847B3550272A5FB800729F58 /* Project object */ = {
			isa = PBXProject;
			attributes = {
				LastSwiftUpdateCheck = 1250;
				LastUpgradeCheck = 1250;
				TargetAttributes = {
					847B3557272A5FB800729F58 = {
						CreatedOnToolsVersion = 12.5.1;
					};
				};
			};
			buildConfigurationList = 847B3553272A5FB800729F58 /* Build configuration list for PBXProject "Event Countdown with MVVM Coordinators" */;
			compatibilityVersion = "Xcode 9.3";
			developmentRegion = en;
			hasScannedForEncodings = 0;
			knownRegions = (
				en,
				Base,
			);
			mainGroup = 847B354F272A5FB800729F58;
			productRefGroup = 847B3559272A5FB800729F58 /* Products */;
			projectDirPath = "";
			projectRoot = "";
			targets = (
				847B3557272A5FB800729F58 /* Event Countdown with MVVM Coordinators */,
			);
		};
/* End PBXProject section */

/* Begin PBXResourcesBuildPhase section */
		847B3556272A5FB800729F58 /* Resources */ = {
			isa = PBXResourcesBuildPhase;
			buildActionMask = 2147483647;
			files = (
				847B3568272A5FB900729F58 /* LaunchScreen.storyboard in Resources */,
				847B3565272A5FB900729F58 /* Assets.xcassets in Resources */,
				847B3563272A5FB800729F58 /* Main.storyboard in Resources */,
			);
			runOnlyForDeploymentPostprocessing = 0;
		};
/* End PBXResourcesBuildPhase section */

/* Begin PBXSourcesBuildPhase section */
		847B3554272A5FB800729F58 /* Sources */ = {
			isa = PBXSourcesBuildPhase;
			buildActionMask = 2147483647;
			files = (
				847B358B272C058400729F58 /* TitleSubtitleCellViewModel.swift in Sources */,
				847B3570272A617700729F58 /* AppCoordinator.swift in Sources */,
				847B3574272A688500729F58 /* EventListViewController.swift in Sources */,
				847B3576272A6D5500729F58 /* UIColor + Extensions.swift in Sources */,
				847B3588272AB18800729F58 /* AddEventViewModel.swift in Sources */,
				847B357C272A7DD400729F58 /* Model.xcdatamodeld in Sources */,
				847B355C272A5FB800729F58 /* AppDelegate.swift in Sources */,
				847B3582272AAA2200729F58 /* AddEventCoordinator.swift in Sources */,
				847B355E272A5FB800729F58 /* SceneDelegate.swift in Sources */,
				847B3584272AAD3500729F58 /* AddEventViewController.swift in Sources */,
				847B3580272AA48900729F58 /* EventListViewModel.swift in Sources */,
				847B357E272A960300729F58 /* CoreDataManager.swift in Sources */,
				847B359827325EE200729F58 /* ImagePickerCoordinator.swift in Sources */,
				847B358D272C073D00729F58 /* TitleSubtitleCell.swift in Sources */,
				847B3586272AADBD00729F58 /* UIViewController + Extensions.swift in Sources */,
				847B3572272A67B900729F58 /* EventListCoordinator.swift in Sources */,
			);
			runOnlyForDeploymentPostprocessing = 0;
		};
/* End PBXSourcesBuildPhase section */

/* Begin PBXVariantGroup section */
		847B3561272A5FB800729F58 /* Main.storyboard */ = {
			isa = PBXVariantGroup;
			children = (
				847B3562272A5FB800729F58 /* Base */,
			);
			name = Main.storyboard;
			sourceTree = "<group>";
		};
		847B3566272A5FB900729F58 /* LaunchScreen.storyboard */ = {
			isa = PBXVariantGroup;
			children = (
				847B3567272A5FB900729F58 /* Base */,
			);
			name = LaunchScreen.storyboard;
			sourceTree = "<group>";
		};
/* End PBXVariantGroup section */

/* Begin XCBuildConfiguration section */
		847B356A272A5FB900729F58 /* Debug */ = {
			isa = XCBuildConfiguration;
			buildSettings = {
				ALWAYS_SEARCH_USER_PATHS = NO;
				CLANG_ANALYZER_NONNULL = YES;
				CLANG_ANALYZER_NUMBER_OBJECT_CONVERSION = YES_AGGRESSIVE;
				CLANG_CXX_LANGUAGE_STANDARD = "gnu++14";
				CLANG_CXX_LIBRARY = "libc++";
				CLANG_ENABLE_MODULES = YES;
				CLANG_ENABLE_OBJC_ARC = YES;
				CLANG_ENABLE_OBJC_WEAK = YES;
				CLANG_WARN_BLOCK_CAPTURE_AUTORELEASING = YES;
				CLANG_WARN_BOOL_CONVERSION = YES;
				CLANG_WARN_COMMA = YES;
				CLANG_WARN_CONSTANT_CONVERSION = YES;
				CLANG_WARN_DEPRECATED_OBJC_IMPLEMENTATIONS = YES;
				CLANG_WARN_DIRECT_OBJC_ISA_USAGE = YES_ERROR;
				CLANG_WARN_DOCUMENTATION_COMMENTS = YES;
				CLANG_WARN_EMPTY_BODY = YES;
				CLANG_WARN_ENUM_CONVERSION = YES;
				CLANG_WARN_INFINITE_RECURSION = YES;
				CLANG_WARN_INT_CONVERSION = YES;
				CLANG_WARN_NON_LITERAL_NULL_CONVERSION = YES;
				CLANG_WARN_OBJC_IMPLICIT_RETAIN_SELF = YES;
				CLANG_WARN_OBJC_LITERAL_CONVERSION = YES;
				CLANG_WARN_OBJC_ROOT_CLASS = YES_ERROR;
				CLANG_WARN_QUOTED_INCLUDE_IN_FRAMEWORK_HEADER = YES;
				CLANG_WARN_RANGE_LOOP_ANALYSIS = YES;
				CLANG_WARN_STRICT_PROTOTYPES = YES;
				CLANG_WARN_SUSPICIOUS_MOVE = YES;
				CLANG_WARN_UNGUARDED_AVAILABILITY = YES_AGGRESSIVE;
				CLANG_WARN_UNREACHABLE_CODE = YES;
				CLANG_WARN__DUPLICATE_METHOD_MATCH = YES;
				COPY_PHASE_STRIP = NO;
				DEBUG_INFORMATION_FORMAT = dwarf;
				ENABLE_STRICT_OBJC_MSGSEND = YES;
				ENABLE_TESTABILITY = YES;
				GCC_C_LANGUAGE_STANDARD = gnu11;
				GCC_DYNAMIC_NO_PIC = NO;
				GCC_NO_COMMON_BLOCKS = YES;
				GCC_OPTIMIZATION_LEVEL = 0;
				GCC_PREPROCESSOR_DEFINITIONS = (
					"DEBUG=1",
					"$(inherited)",
				);
				GCC_WARN_64_TO_32_BIT_CONVERSION = YES;
				GCC_WARN_ABOUT_RETURN_TYPE = YES_ERROR;
				GCC_WARN_UNDECLARED_SELECTOR = YES;
				GCC_WARN_UNINITIALIZED_AUTOS = YES_AGGRESSIVE;
				GCC_WARN_UNUSED_FUNCTION = YES;
				GCC_WARN_UNUSED_VARIABLE = YES;
				IPHONEOS_DEPLOYMENT_TARGET = 14.5;
				MTL_ENABLE_DEBUG_INFO = INCLUDE_SOURCE;
				MTL_FAST_MATH = YES;
				ONLY_ACTIVE_ARCH = YES;
				SDKROOT = iphoneos;
				SWIFT_ACTIVE_COMPILATION_CONDITIONS = DEBUG;
				SWIFT_OPTIMIZATION_LEVEL = "-Onone";
			};
			name = Debug;
		};
		847B356B272A5FB900729F58 /* Release */ = {
			isa = XCBuildConfiguration;
			buildSettings = {
				ALWAYS_SEARCH_USER_PATHS = NO;
				CLANG_ANALYZER_NONNULL = YES;
				CLANG_ANALYZER_NUMBER_OBJECT_CONVERSION = YES_AGGRESSIVE;
				CLANG_CXX_LANGUAGE_STANDARD = "gnu++14";
				CLANG_CXX_LIBRARY = "libc++";
				CLANG_ENABLE_MODULES = YES;
				CLANG_ENABLE_OBJC_ARC = YES;
				CLANG_ENABLE_OBJC_WEAK = YES;
				CLANG_WARN_BLOCK_CAPTURE_AUTORELEASING = YES;
				CLANG_WARN_BOOL_CONVERSION = YES;
				CLANG_WARN_COMMA = YES;
				CLANG_WARN_CONSTANT_CONVERSION = YES;
				CLANG_WARN_DEPRECATED_OBJC_IMPLEMENTATIONS = YES;
				CLANG_WARN_DIRECT_OBJC_ISA_USAGE = YES_ERROR;
				CLANG_WARN_DOCUMENTATION_COMMENTS = YES;
				CLANG_WARN_EMPTY_BODY = YES;
				CLANG_WARN_ENUM_CONVERSION = YES;
				CLANG_WARN_INFINITE_RECURSION = YES;
				CLANG_WARN_INT_CONVERSION = YES;
				CLANG_WARN_NON_LITERAL_NULL_CONVERSION = YES;
				CLANG_WARN_OBJC_IMPLICIT_RETAIN_SELF = YES;
				CLANG_WARN_OBJC_LITERAL_CONVERSION = YES;
				CLANG_WARN_OBJC_ROOT_CLASS = YES_ERROR;
				CLANG_WARN_QUOTED_INCLUDE_IN_FRAMEWORK_HEADER = YES;
				CLANG_WARN_RANGE_LOOP_ANALYSIS = YES;
				CLANG_WARN_STRICT_PROTOTYPES = YES;
				CLANG_WARN_SUSPICIOUS_MOVE = YES;
				CLANG_WARN_UNGUARDED_AVAILABILITY = YES_AGGRESSIVE;
				CLANG_WARN_UNREACHABLE_CODE = YES;
				CLANG_WARN__DUPLICATE_METHOD_MATCH = YES;
				COPY_PHASE_STRIP = NO;
				DEBUG_INFORMATION_FORMAT = "dwarf-with-dsym";
				ENABLE_NS_ASSERTIONS = NO;
				ENABLE_STRICT_OBJC_MSGSEND = YES;
				GCC_C_LANGUAGE_STANDARD = gnu11;
				GCC_NO_COMMON_BLOCKS = YES;
				GCC_WARN_64_TO_32_BIT_CONVERSION = YES;
				GCC_WARN_ABOUT_RETURN_TYPE = YES_ERROR;
				GCC_WARN_UNDECLARED_SELECTOR = YES;
				GCC_WARN_UNINITIALIZED_AUTOS = YES_AGGRESSIVE;
				GCC_WARN_UNUSED_FUNCTION = YES;
				GCC_WARN_UNUSED_VARIABLE = YES;
				IPHONEOS_DEPLOYMENT_TARGET = 14.5;
				MTL_ENABLE_DEBUG_INFO = NO;
				MTL_FAST_MATH = YES;
				SDKROOT = iphoneos;
				SWIFT_COMPILATION_MODE = wholemodule;
				SWIFT_OPTIMIZATION_LEVEL = "-O";
				VALIDATE_PRODUCT = YES;
			};
			name = Release;
		};
		847B356D272A5FB900729F58 /* Debug */ = {
			isa = XCBuildConfiguration;
			buildSettings = {
				ASSETCATALOG_COMPILER_APPICON_NAME = AppIcon;
				ASSETCATALOG_COMPILER_GLOBAL_ACCENT_COLOR_NAME = AccentColor;
				CODE_SIGN_STYLE = Automatic;
				DEVELOPMENT_TEAM = PZRD3MXDYZ;
				INFOPLIST_FILE = "Event Countdown with MVVM Coordinators/Info.plist";
				LD_RUNPATH_SEARCH_PATHS = (
					"$(inherited)",
					"@executable_path/Frameworks",
				);
				PRODUCT_BUNDLE_IDENTIFIER = "testPavel.Event-Countdown-with-MVVM-Coordinators";
				PRODUCT_NAME = "$(TARGET_NAME)";
				SWIFT_VERSION = 5.0;
				TARGETED_DEVICE_FAMILY = "1,2";
			};
			name = Debug;
		};
		847B356E272A5FB900729F58 /* Release */ = {
			isa = XCBuildConfiguration;
			buildSettings = {
				ASSETCATALOG_COMPILER_APPICON_NAME = AppIcon;
				ASSETCATALOG_COMPILER_GLOBAL_ACCENT_COLOR_NAME = AccentColor;
				CODE_SIGN_STYLE = Automatic;
				DEVELOPMENT_TEAM = PZRD3MXDYZ;
				INFOPLIST_FILE = "Event Countdown with MVVM Coordinators/Info.plist";
				LD_RUNPATH_SEARCH_PATHS = (
					"$(inherited)",
					"@executable_path/Frameworks",
				);
				PRODUCT_BUNDLE_IDENTIFIER = "testPavel.Event-Countdown-with-MVVM-Coordinators";
				PRODUCT_NAME = "$(TARGET_NAME)";
				SWIFT_VERSION = 5.0;
				TARGETED_DEVICE_FAMILY = "1,2";
			};
			name = Release;
		};
/* End XCBuildConfiguration section */

/* Begin XCConfigurationList section */
		847B3553272A5FB800729F58 /* Build configuration list for PBXProject "Event Countdown with MVVM Coordinators" */ = {
			isa = XCConfigurationList;
			buildConfigurations = (
				847B356A272A5FB900729F58 /* Debug */,
				847B356B272A5FB900729F58 /* Release */,
			);
			defaultConfigurationIsVisible = 0;
			defaultConfigurationName = Release;
		};
		847B356C272A5FB900729F58 /* Build configuration list for PBXNativeTarget "Event Countdown with MVVM Coordinators" */ = {
			isa = XCConfigurationList;
			buildConfigurations = (
				847B356D272A5FB900729F58 /* Debug */,
				847B356E272A5FB900729F58 /* Release */,
			);
			defaultConfigurationIsVisible = 0;
			defaultConfigurationName = Release;
		};
/* End XCConfigurationList section */

/* Begin XCVersionGroup section */
		847B357A272A7DD400729F58 /* Model.xcdatamodeld */ = {
			isa = XCVersionGroup;
			children = (
				847B357B272A7DD400729F58 /* Model.xcdatamodel */,
			);
			currentVersion = 847B357B272A7DD400729F58 /* Model.xcdatamodel */;
			path = Model.xcdatamodeld;
			sourceTree = "<group>";
			versionGroupType = wrapper.xcdatamodel;
		};
/* End XCVersionGroup section */
	};
	rootObject = 847B3550272A5FB800729F58 /* Project object */;
}
